PODS:
  - AFNetworking (4.0.1):
    - AFNetworking/NSURLSession (= 4.0.1)
    - AFNetworking/Reachability (= 4.0.1)
    - AFNetworking/Security (= 4.0.1)
    - AFNetworking/Serialization (= 4.0.1)
    - AFNetworking/UIKit (= 4.0.1)
  - AFNetworking/NSURLSession (4.0.1):
    - AFNetworking/Reachability
    - AFNetworking/Security
    - AFNetworking/Serialization
  - AFNetworking/Reachability (4.0.1)
  - AFNetworking/Security (4.0.1)
  - AFNetworking/Serialization (4.0.1)
  - AFNetworking/UIKit (4.0.1):
    - AFNetworking/NSURLSession
  - CXDownload (2.0.0):
    - CXDownload/Base (= 2.0.0)
    - CXDownload/Core (= 2.0.0)
    - CXDownload/Extension (= 2.0.0)
  - CXDownload/Base (2.0.0)
  - CXDownload/Core (2.0.0):
    - CXDownload/Base
    - FMDB
  - CXDownload/Extension (2.0.0):
    - CXDownload/Core
  - FMDB (2.7.5):
    - FMDB/standard (= 2.7.5)
  - FMDB/standard (2.7.5)

DEPENDENCIES:
  - AFNetworking
  - CXDownload (from `../`)
  - FMDB

SPEC REPOS:
  https://mirrors.tuna.tsinghua.edu.cn/git/CocoaPods/Specs.git:
    - AFNetworking
    - FMDB

EXTERNAL SOURCES:
  CXDownload:
    :path: "../"

SPEC CHECKSUMS:
  AFNetworking: 3bd23d814e976cd148d7d44c3ab78017b744cd58
  CXDownload: 7c0a4e7e2c7174311a2cd2ea2404248d1a38e57e
  FMDB: 2ce00b547f966261cd18927a3ddb07cb6f3db82a

PODFILE CHECKSUM: 4913b80ff244305f416b1b54017e4013cb9bc99a

COCOAPODS: 1.11.3
